
Microsoft Visual Studio Solution File, Format Version 12.00
# Visual Studio 15
VisualStudioVersion = 15.0.26124.0
MinimumVisualStudioVersion = 15.0.26124.0
Project("{2150E333-8FDC-42A3-9474-1A3956D46DE8}") = "src", "src", "{4B097E34-A39D-48F2-B9C8-42A2E4619698}"
EndProject
Project("{FAE04EC0-301F-11D3-BF4B-00C04F79EFBC}") = "Pokespeare", "src\Pokespeare\Pokespeare.csproj", "{CE8D38D1-89F6-4EEF-A391-0209CAC77A07}"
EndProject
Project("{FAE04EC0-301F-11D3-BF4B-00C04F79EFBC}") = "PokeApi.Client", "src\PokeApi.Client\PokeApi.Client.csproj", "{8F3BB7CF-7847-45FC-8AC0-76AB3317ED4E}"
EndProject
Project("{FAE04EC0-301F-11D3-BF4B-00C04F79EFBC}") = "Pokespeare.Tests", "src\Pokespeare.Tests\Pokespeare.Tests.csproj", "{D0244D6D-87A8-4F0B-918C-6A7E72D35998}"
EndProject
Global
	GlobalSection(SolutionConfigurationPlatforms) = preSolution
		Debug|Any CPU = Debug|Any CPU
		Debug|x64 = Debug|x64
		Debug|x86 = Debug|x86
		Release|Any CPU = Release|Any CPU
		Release|x64 = Release|x64
		Release|x86 = Release|x86
	EndGlobalSection
	GlobalSection(SolutionProperties) = preSolution
		HideSolutionNode = FALSE
	EndGlobalSection
	GlobalSection(ProjectConfigurationPlatforms) = postSolution
		{CE8D38D1-89F6-4EEF-A391-0209CAC77A07}.Debug|Any CPU.ActiveCfg = Debug|Any CPU
		{CE8D38D1-89F6-4EEF-A391-0209CAC77A07}.Debug|Any CPU.Build.0 = Debug|Any CPU
		{CE8D38D1-89F6-4EEF-A391-0209CAC77A07}.Debug|x64.ActiveCfg = Debug|Any CPU
		{CE8D38D1-89F6-4EEF-A391-0209CAC77A07}.Debug|x64.Build.0 = Debug|Any CPU
		{CE8D38D1-89F6-4EEF-A391-0209CAC77A07}.Debug|x86.ActiveCfg = Debug|Any CPU
		{CE8D38D1-89F6-4EEF-A391-0209CAC77A07}.Debug|x86.Build.0 = Debug|Any CPU
		{CE8D38D1-89F6-4EEF-A391-0209CAC77A07}.Release|Any CPU.ActiveCfg = Release|Any CPU
		{CE8D38D1-89F6-4EEF-A391-0209CAC77A07}.Release|Any CPU.Build.0 = Release|Any CPU
		{CE8D38D1-89F6-4EEF-A391-0209CAC77A07}.Release|x64.ActiveCfg = Release|Any CPU
		{CE8D38D1-89F6-4EEF-A391-0209CAC77A07}.Release|x64.Build.0 = Release|Any CPU
		{CE8D38D1-89F6-4EEF-A391-0209CAC77A07}.Release|x86.ActiveCfg = Release|Any CPU
		{CE8D38D1-89F6-4EEF-A391-0209CAC77A07}.Release|x86.Build.0 = Release|Any CPU
		{8F3BB7CF-7847-45FC-8AC0-76AB3317ED4E}.Debug|Any CPU.ActiveCfg = Debug|Any CPU
		{8F3BB7CF-7847-45FC-8AC0-76AB3317ED4E}.Debug|Any CPU.Build.0 = Debug|Any CPU
		{8F3BB7CF-7847-45FC-8AC0-76AB3317ED4E}.Debug|x64.ActiveCfg = Debug|Any CPU
		{8F3BB7CF-7847-45FC-8AC0-76AB3317ED4E}.Debug|x64.Build.0 = Debug|Any CPU
		{8F3BB7CF-7847-45FC-8AC0-76AB3317ED4E}.Debug|x86.ActiveCfg = Debug|Any CPU
		{8F3BB7CF-7847-45FC-8AC0-76AB3317ED4E}.Debug|x86.Build.0 = Debug|Any CPU
		{8F3BB7CF-7847-45FC-8AC0-76AB3317ED4E}.Release|Any CPU.ActiveCfg = Release|Any CPU
		{8F3BB7CF-7847-45FC-8AC0-76AB3317ED4E}.Release|Any CPU.Build.0 = Release|Any CPU
		{8F3BB7CF-7847-45FC-8AC0-76AB3317ED4E}.Release|x64.ActiveCfg = Release|Any CPU
		{8F3BB7CF-7847-45FC-8AC0-76AB3317ED4E}.Release|x64.Build.0 = Release|Any CPU
		{8F3BB7CF-7847-45FC-8AC0-76AB3317ED4E}.Release|x86.ActiveCfg = Release|Any CPU
		{8F3BB7CF-7847-45FC-8AC0-76AB3317ED4E}.Release|x86.Build.0 = Release|Any CPU
		{D0244D6D-87A8-4F0B-918C-6A7E72D35998}.Debug|Any CPU.ActiveCfg = Debug|Any CPU
		{D0244D6D-87A8-4F0B-918C-6A7E72D35998}.Debug|Any CPU.Build.0 = Debug|Any CPU
		{D0244D6D-87A8-4F0B-918C-6A7E72D35998}.Debug|x64.ActiveCfg = Debug|Any CPU
		{D0244D6D-87A8-4F0B-918C-6A7E72D35998}.Debug|x64.Build.0 = Debug|Any CPU
		{D0244D6D-87A8-4F0B-918C-6A7E72D35998}.Debug|x86.ActiveCfg = Debug|Any CPU
		{D0244D6D-87A8-4F0B-918C-6A7E72D35998}.Debug|x86.Build.0 = Debug|Any CPU
		{D0244D6D-87A8-4F0B-918C-6A7E72D35998}.Release|Any CPU.ActiveCfg = Release|Any CPU
		{D0244D6D-87A8-4F0B-918C-6A7E72D35998}.Release|Any CPU.Build.0 = Release|Any CPU
		{D0244D6D-87A8-4F0B-918C-6A7E72D35998}.Release|x64.ActiveCfg = Release|Any CPU
		{D0244D6D-87A8-4F0B-918C-6A7E72D35998}.Release|x64.Build.0 = Release|Any CPU
		{D0244D6D-87A8-4F0B-918C-6A7E72D35998}.Release|x86.ActiveCfg = Release|Any CPU
		{D0244D6D-87A8-4F0B-918C-6A7E72D35998}.Release|x86.Build.0 = Release|Any CPU
	EndGlobalSection
	GlobalSection(NestedProjects) = preSolution
		{CE8D38D1-89F6-4EEF-A391-0209CAC77A07} = {4B097E34-A39D-48F2-B9C8-42A2E4619698}
		{8F3BB7CF-7847-45FC-8AC0-76AB3317ED4E} = {4B097E34-A39D-48F2-B9C8-42A2E4619698}
		{D0244D6D-87A8-4F0B-918C-6A7E72D35998} = {4B097E34-A39D-48F2-B9C8-42A2E4619698}
	EndGlobalSection
EndGlobal
